// !$*UTF8*$!
{
	archiveVersion = 1;
	classes = {
	};
	objectVersion = 46;
	objects = {

/* Begin PBXBuildFile section */
		A229C89B1D77CDF900EF1BC7 /* AppDelegate.swift in Sources */ = {isa = PBXBuildFile; fileRef = A229C89A1D77CDF900EF1BC7 /* AppDelegate.swift */; };
		A229C89D1D77CDF900EF1BC7 /* ViewController.swift in Sources */ = {isa = PBXBuildFile; fileRef = A229C89C1D77CDF900EF1BC7 /* ViewController.swift */; };
		A229C8A01D77CDF900EF1BC7 /* Main.storyboard in Resources */ = {isa = PBXBuildFile; fileRef = A229C89E1D77CDF900EF1BC7 /* Main.storyboard */; };
		A229C8A31D77CDF900EF1BC7 /* chorescore.xcdatamodeld in Sources */ = {isa = PBXBuildFile; fileRef = A229C8A11D77CDF900EF1BC7 /* chorescore.xcdatamodeld */; };
		A229C8A51D77CDF900EF1BC7 /* Assets.xcassets in Resources */ = {isa = PBXBuildFile; fileRef = A229C8A41D77CDF900EF1BC7 /* Assets.xcassets */; };
		A229C8A81D77CDF900EF1BC7 /* LaunchScreen.storyboard in Resources */ = {isa = PBXBuildFile; fileRef = A229C8A61D77CDF900EF1BC7 /* LaunchScreen.storyboard */; };
		A229C8B31D77CDF900EF1BC7 /* chorescoreTests.swift in Sources */ = {isa = PBXBuildFile; fileRef = A229C8B21D77CDF900EF1BC7 /* chorescoreTests.swift */; };
		A229C8BE1D77CDF900EF1BC7 /* chorescoreUITests.swift in Sources */ = {isa = PBXBuildFile; fileRef = A229C8BD1D77CDF900EF1BC7 /* chorescoreUITests.swift */; };
/* End PBXBuildFile section */

/* Begin PBXContainerItemProxy section */
		A229C8AF1D77CDF900EF1BC7 /* PBXContainerItemProxy */ = {
			isa = PBXContainerItemProxy;
			containerPortal = A229C88F1D77CDF900EF1BC7 /* Project object */;
			proxyType = 1;
			remoteGlobalIDString = A229C8961D77CDF900EF1BC7;
			remoteInfo = chorescore;
		};
		A229C8BA1D77CDF900EF1BC7 /* PBXContainerItemProxy */ = {
			isa = PBXContainerItemProxy;
			containerPortal = A229C88F1D77CDF900EF1BC7 /* Project object */;
			proxyType = 1;
			remoteGlobalIDString = A229C8961D77CDF900EF1BC7;
			remoteInfo = chorescore;
		};
/* End PBXContainerItemProxy section */

/* Begin PBXFileReference section */
		A229C8971D77CDF900EF1BC7 /* chorescore.app */ = {isa = PBXFileReference; explicitFileType = wrapper.application; includeInIndex = 0; path = chorescore.app; sourceTree = BUILT_PRODUCTS_DIR; };
		A229C89A1D77CDF900EF1BC7 /* AppDelegate.swift */ = {isa = PBXFileReference; lastKnownFileType = sourcecode.swift; path = AppDelegate.swift; sourceTree = "<group>"; };
		A229C89C1D77CDF900EF1BC7 /* ViewController.swift */ = {isa = PBXFileReference; lastKnownFileType = sourcecode.swift; path = ViewController.swift; sourceTree = "<group>"; };
		A229C89F1D77CDF900EF1BC7 /* Base */ = {isa = PBXFileReference; lastKnownFileType = file.storyboard; name = Base; path = Base.lproj/Main.storyboard; sourceTree = "<group>"; };
		A229C8A21D77CDF900EF1BC7 /* chorescore.xcdatamodel */ = {isa = PBXFileReference; lastKnownFileType = wrapper.xcdatamodel; path = chorescore.xcdatamodel; sourceTree = "<group>"; };
		A229C8A41D77CDF900EF1BC7 /* Assets.xcassets */ = {isa = PBXFileReference; lastKnownFileType = folder.assetcatalog; path = Assets.xcassets; sourceTree = "<group>"; };
		A229C8A71D77CDF900EF1BC7 /* Base */ = {isa = PBXFileReference; lastKnownFileType = file.storyboard; name = Base; path = Base.lproj/LaunchScreen.storyboard; sourceTree = "<group>"; };
		A229C8A91D77CDF900EF1BC7 /* Info.plist */ = {isa = PBXFileReference; lastKnownFileType = text.plist.xml; path = Info.plist; sourceTree = "<group>"; };
		A229C8AE1D77CDF900EF1BC7 /* chorescoreTests.xctest */ = {isa = PBXFileReference; explicitFileType = wrapper.cfbundle; includeInIndex = 0; path = chorescoreTests.xctest; sourceTree = BUILT_PRODUCTS_DIR; };
		A229C8B21D77CDF900EF1BC7 /* chorescoreTests.swift */ = {isa = PBXFileReference; lastKnownFileType = sourcecode.swift; path = chorescoreTests.swift; sourceTree = "<group>"; };
		A229C8B41D77CDF900EF1BC7 /* Info.plist */ = {isa = PBXFileReference; lastKnownFileType = text.plist.xml; path = Info.plist; sourceTree = "<group>"; };
		A229C8B91D77CDF900EF1BC7 /* chorescoreUITests.xctest */ = {isa = PBXFileReference; explicitFileType = wrapper.cfbundle; includeInIndex = 0; path = chorescoreUITests.xctest; sourceTree = BUILT_PRODUCTS_DIR; };
		A229C8BD1D77CDF900EF1BC7 /* chorescoreUITests.swift */ = {isa = PBXFileReference; lastKnownFileType = sourcecode.swift; path = chorescoreUITests.swift; sourceTree = "<group>"; };
		A229C8BF1D77CDF900EF1BC7 /* Info.plist */ = {isa = PBXFileReference; lastKnownFileType = text.plist.xml; path = Info.plist; sourceTree = "<group>"; };
/* End PBXFileReference section */

/* Begin PBXFrameworksBuildPhase section */
		A229C8941D77CDF900EF1BC7 /* Frameworks */ = {
			isa = PBXFrameworksBuildPhase;
			buildActionMask = 2147483647;
			files = (
			);
			runOnlyForDeploymentPostprocessing = 0;
		};
		A229C8AB1D77CDF900EF1BC7 /* Frameworks */ = {
			isa = PBXFrameworksBuildPhase;
			buildActionMask = 2147483647;
			files = (
			);
			runOnlyForDeploymentPostprocessing = 0;
		};
		A229C8B61D77CDF900EF1BC7 /* Frameworks */ = {
			isa = PBXFrameworksBuildPhase;
			buildActionMask = 2147483647;
			files = (
			);
			runOnlyForDeploymentPostprocessing = 0;
		};
/* End PBXFrameworksBuildPhase section */

/* Begin PBXGroup section */
		A229C88E1D77CDF900EF1BC7 = {
			isa = PBXGroup;
			children = (
				A229C8991D77CDF900EF1BC7 /* chorescore */,
				A229C8B11D77CDF900EF1BC7 /* chorescoreTests */,
				A229C8BC1D77CDF900EF1BC7 /* chorescoreUITests */,
				A229C8981D77CDF900EF1BC7 /* Products */,
			);
			sourceTree = "<group>";
		};
		A229C8981D77CDF900EF1BC7 /* Products */ = {
			isa = PBXGroup;
			children = (
				A229C8971D77CDF900EF1BC7 /* chorescore.app */,
				A229C8AE1D77CDF900EF1BC7 /* chorescoreTests.xctest */,
				A229C8B91D77CDF900EF1BC7 /* chorescoreUITests.xctest */,
			);
			name = Products;
			sourceTree = "<group>";
		};
		A229C8991D77CDF900EF1BC7 /* chorescore */ = {
			isa = PBXGroup;
			children = (
				A229C89A1D77CDF900EF1BC7 /* AppDelegate.swift */,
				A229C89C1D77CDF900EF1BC7 /* ViewController.swift */,
				A229C89E1D77CDF900EF1BC7 /* Main.storyboard */,
				A229C8A41D77CDF900EF1BC7 /* Assets.xcassets */,
				A229C8A61D77CDF900EF1BC7 /* LaunchScreen.storyboard */,
				A229C8A91D77CDF900EF1BC7 /* Info.plist */,
				A229C8A11D77CDF900EF1BC7 /* chorescore.xcdatamodeld */,
			);
			path = chorescore;
			sourceTree = "<group>";
		};
		A229C8B11D77CDF900EF1BC7 /* chorescoreTests */ = {
			isa = PBXGroup;
			children = (
				A229C8B21D77CDF900EF1BC7 /* chorescoreTests.swift */,
				A229C8B41D77CDF900EF1BC7 /* Info.plist */,
			);
			path = chorescoreTests;
			sourceTree = "<group>";
		};
		A229C8BC1D77CDF900EF1BC7 /* chorescoreUITests */ = {
			isa = PBXGroup;
			children = (
				A229C8BD1D77CDF900EF1BC7 /* chorescoreUITests.swift */,
				A229C8BF1D77CDF900EF1BC7 /* Info.plist */,
			);
			path = chorescoreUITests;
			sourceTree = "<group>";
		};
/* End PBXGroup section */

/* Begin PBXNativeTarget section */
		A229C8961D77CDF900EF1BC7 /* chorescore */ = {
			isa = PBXNativeTarget;
			buildConfigurationList = A229C8C21D77CDF900EF1BC7 /* Build configuration list for PBXNativeTarget "chorescore" */;
			buildPhases = (
				A229C8931D77CDF900EF1BC7 /* Sources */,
				A229C8941D77CDF900EF1BC7 /* Frameworks */,
				A229C8951D77CDF900EF1BC7 /* Resources */,
			);
			buildRules = (
			);
			dependencies = (
			);
			name = chorescore;
			productName = chorescore;
			productReference = A229C8971D77CDF900EF1BC7 /* chorescore.app */;
			productType = "com.apple.product-type.application";
		};
		A229C8AD1D77CDF900EF1BC7 /* chorescoreTests */ = {
			isa = PBXNativeTarget;
			buildConfigurationList = A229C8C51D77CDF900EF1BC7 /* Build configuration list for PBXNativeTarget "chorescoreTests" */;
			buildPhases = (
				A229C8AA1D77CDF900EF1BC7 /* Sources */,
				A229C8AB1D77CDF900EF1BC7 /* Frameworks */,
				A229C8AC1D77CDF900EF1BC7 /* Resources */,
			);
			buildRules = (
			);
			dependencies = (
				A229C8B01D77CDF900EF1BC7 /* PBXTargetDependency */,
			);
			name = chorescoreTests;
			productName = chorescoreTests;
			productReference = A229C8AE1D77CDF900EF1BC7 /* chorescoreTests.xctest */;
			productType = "com.apple.product-type.bundle.unit-test";
		};
		A229C8B81D77CDF900EF1BC7 /* chorescoreUITests */ = {
			isa = PBXNativeTarget;
			buildConfigurationList = A229C8C81D77CDF900EF1BC7 /* Build configuration list for PBXNativeTarget "chorescoreUITests" */;
			buildPhases = (
				A229C8B51D77CDF900EF1BC7 /* Sources */,
				A229C8B61D77CDF900EF1BC7 /* Frameworks */,
				A229C8B71D77CDF900EF1BC7 /* Resources */,
			);
			buildRules = (
			);
			dependencies = (
				A229C8BB1D77CDF900EF1BC7 /* PBXTargetDependency */,
			);
			name = chorescoreUITests;
			productName = chorescoreUITests;
			productReference = A229C8B91D77CDF900EF1BC7 /* chorescoreUITests.xctest */;
			productType = "com.apple.product-type.bundle.ui-testing";
		};
/* End PBXNativeTarget section */

/* Begin PBXProject section */
		A229C88F1D77CDF900EF1BC7 /* Project object */ = {
			isa = PBXProject;
			attributes = {
				LastSwiftUpdateCheck = 0730;
				LastUpgradeCheck = 0730;
				ORGANIZATIONNAME = "Ryan Milvenan";
				TargetAttributes = {
					A229C8961D77CDF900EF1BC7 = {
						CreatedOnToolsVersion = 7.3.1;
					};
					A229C8AD1D77CDF900EF1BC7 = {
						CreatedOnToolsVersion = 7.3.1;
						TestTargetID = A229C8961D77CDF900EF1BC7;
					};
					A229C8B81D77CDF900EF1BC7 = {
						CreatedOnToolsVersion = 7.3.1;
						TestTargetID = A229C8961D77CDF900EF1BC7;
					};
				};
			};
			buildConfigurationList = A229C8921D77CDF900EF1BC7 /* Build configuration list for PBXProject "chorescore" */;
			compatibilityVersion = "Xcode 3.2";
			developmentRegion = English;
			hasScannedForEncodings = 0;
			knownRegions = (
				en,
				Base,
			);
			mainGroup = A229C88E1D77CDF900EF1BC7;
			productRefGroup = A229C8981D77CDF900EF1BC7 /* Products */;
			projectDirPath = "";
			projectRoot = "";
			targets = (
				A229C8961D77CDF900EF1BC7 /* chorescore */,
				A229C8AD1D77CDF900EF1BC7 /* chorescoreTests */,
				A229C8B81D77CDF900EF1BC7 /* chorescoreUITests */,
			);
		};
/* End PBXProject section */

/* Begin PBXResourcesBuildPhase section */
		A229C8951D77CDF900EF1BC7 /* Resources */ = {
			isa = PBXResourcesBuildPhase;
			buildActionMask = 2147483647;
			files = (
				A229C8A81D77CDF900EF1BC7 /* LaunchScreen.storyboard in Resources */,
				A229C8A51D77CDF900EF1BC7 /* Assets.xcassets in Resources */,
				A229C8A01D77CDF900EF1BC7 /* Main.storyboard in Resources */,
			);
			runOnlyForDeploymentPostprocessing = 0;
		};
		A229C8AC1D77CDF900EF1BC7 /* Resources */ = {
			isa = PBXResourcesBuildPhase;
			buildActionMask = 2147483647;
			files = (
			);
			runOnlyForDeploymentPostprocessing = 0;
		};
		A229C8B71D77CDF900EF1BC7 /* Resources */ = {
			isa = PBXResourcesBuildPhase;
			buildActionMask = 2147483647;
			files = (
			);
			runOnlyForDeploymentPostprocessing = 0;
		};
/* End PBXResourcesBuildPhase section */

/* Begin PBXSourcesBuildPhase section */
		A229C8931D77CDF900EF1BC7 /* Sources */ = {
			isa = PBXSourcesBuildPhase;
			buildActionMask = 2147483647;
			files = (
				A229C8A31D77CDF900EF1BC7 /* chorescore.xcdatamodeld in Sources */,
				A229C89D1D77CDF900EF1BC7 /* ViewController.swift in Sources */,
				A229C89B1D77CDF900EF1BC7 /* AppDelegate.swift in Sources */,
			);
			runOnlyForDeploymentPostprocessing = 0;
		};
		A229C8AA1D77CDF900EF1BC7 /* Sources */ = {
			isa = PBXSourcesBuildPhase;
			buildActionMask = 2147483647;
			files = (
				A229C8B31D77CDF900EF1BC7 /* chorescoreTests.swift in Sources */,
			);
			runOnlyForDeploymentPostprocessing = 0;
		};
		A229C8B51D77CDF900EF1BC7 /* Sources */ = {
			isa = PBXSourcesBuildPhase;
			buildActionMask = 2147483647;
			files = (
				A229C8BE1D77CDF900EF1BC7 /* chorescoreUITests.swift in Sources */,
			);
			runOnlyForDeploymentPostprocessing = 0;
		};
/* End PBXSourcesBuildPhase section */

/* Begin PBXTargetDependency section */
		A229C8B01D77CDF900EF1BC7 /* PBXTargetDependency */ = {
			isa = PBXTargetDependency;
			target = A229C8961D77CDF900EF1BC7 /* chorescore */;
			targetProxy = A229C8AF1D77CDF900EF1BC7 /* PBXContainerItemProxy */;
		};
		A229C8BB1D77CDF900EF1BC7 /* PBXTargetDependency */ = {
			isa = PBXTargetDependency;
			target = A229C8961D77CDF900EF1BC7 /* chorescore */;
			targetProxy = A229C8BA1D77CDF900EF1BC7 /* PBXContainerItemProxy */;
		};
/* End PBXTargetDependency section */

/* Begin PBXVariantGroup section */
		A229C89E1D77CDF900EF1BC7 /* Main.storyboard */ = {
			isa = PBXVariantGroup;
			children = (
				A229C89F1D77CDF900EF1BC7 /* Base */,
			);
			name = Main.storyboard;
			sourceTree = "<group>";
		};
		A229C8A61D77CDF900EF1BC7 /* LaunchScreen.storyboard */ = {
			isa = PBXVariantGroup;
			children = (
				A229C8A71D77CDF900EF1BC7 /* Base */,
			);
			name = LaunchScreen.storyboard;
			sourceTree = "<group>";
		};
/* End PBXVariantGroup section */

/* Begin XCBuildConfiguration section */
		A229C8C01D77CDF900EF1BC7 /* Debug */ = {
			isa = XCBuildConfiguration;
			buildSettings = {
				ALWAYS_SEARCH_USER_PATHS = NO;
				CLANG_ANALYZER_NONNULL = YES;
				CLANG_CXX_LANGUAGE_STANDARD = "gnu++0x";
				CLANG_CXX_LIBRARY = "libc++";
				CLANG_ENABLE_MODULES = YES;
				CLANG_ENABLE_OBJC_ARC = YES;
				CLANG_WARN_BOOL_CONVERSION = YES;
				CLANG_WARN_CONSTANT_CONVERSION = YES;
				CLANG_WARN_DIRECT_OBJC_ISA_USAGE = YES_ERROR;
				CLANG_WARN_EMPTY_BODY = YES;
				CLANG_WARN_ENUM_CONVERSION = YES;
				CLANG_WARN_INT_CONVERSION = YES;
				CLANG_WARN_OBJC_ROOT_CLASS = YES_ERROR;
				CLANG_WARN_UNREACHABLE_CODE = YES;
				CLANG_WARN__DUPLICATE_METHOD_MATCH = YES;
				"CODE_SIGN_IDENTITY[sdk=iphoneos*]" = "iPhone Developer";
				COPY_PHASE_STRIP = NO;
				DEBUG_INFORMATION_FORMAT = dwarf;
				ENABLE_STRICT_OBJC_MSGSEND = YES;
				ENABLE_TESTABILITY = YES;
				GCC_C_LANGUAGE_STANDARD = gnu99;
				GCC_DYNAMIC_NO_PIC = NO;
				GCC_NO_COMMON_BLOCKS = YES;
				GCC_OPTIMIZATION_LEVEL = 0;
				GCC_PREPROCESSOR_DEFINITIONS = (
					"DEBUG=1",
					"$(inherited)",
				);
				GCC_WARN_64_TO_32_BIT_CONVERSION = YES;
				GCC_WARN_ABOUT_RETURN_TYPE = YES_ERROR;
				GCC_WARN_UNDECLARED_SELECTOR = YES;
				GCC_WARN_UNINITIALIZED_AUTOS = YES_AGGRESSIVE;
				GCC_WARN_UNUSED_FUNCTION = YES;
				GCC_WARN_UNUSED_VARIABLE = YES;
				IPHONEOS_DEPLOYMENT_TARGET = 9.3;
				MTL_ENABLE_DEBUG_INFO = YES;
				ONLY_ACTIVE_ARCH = YES;
				SDKROOT = iphoneos;
				SWIFT_OPTIMIZATION_LEVEL = "-Onone";
				TARGETED_DEVICE_FAMILY = "1,2";
			};
			name = Debug;
		};
		A229C8C11D77CDF900EF1BC7 /* Release */ = {
			isa = XCBuildConfiguration;
			buildSettings = {
				ALWAYS_SEARCH_USER_PATHS = NO;
				CLANG_ANALYZER_NONNULL = YES;
				CLANG_CXX_LANGUAGE_STANDARD = "gnu++0x";
				CLANG_CXX_LIBRARY = "libc++";
				CLANG_ENABLE_MODULES = YES;
				CLANG_ENABLE_OBJC_ARC = YES;
				CLANG_WARN_BOOL_CONVERSION = YES;
				CLANG_WARN_CONSTANT_CONVERSION = YES;
				CLANG_WARN_DIRECT_OBJC_ISA_USAGE = YES_ERROR;
				CLANG_WARN_EMPTY_BODY = YES;
				CLANG_WARN_ENUM_CONVERSION = YES;
				CLANG_WARN_INT_CONVERSION = YES;
				CLANG_WARN_OBJC_ROOT_CLASS = YES_ERROR;
				CLANG_WARN_UNREACHABLE_CODE = YES;
				CLANG_WARN__DUPLICATE_METHOD_MATCH = YES;
				"CODE_SIGN_IDENTITY[sdk=iphoneos*]" = "iPhone Developer";
				COPY_PHASE_STRIP = NO;
				DEBUG_INFORMATION_FORMAT = "dwarf-with-dsym";
				ENABLE_NS_ASSERTIONS = NO;
				ENABLE_STRICT_OBJC_MSGSEND = YES;
				GCC_C_LANGUAGE_STANDARD = gnu99;
				GCC_NO_COMMON_BLOCKS = YES;
				GCC_WARN_64_TO_32_BIT_CONVERSION = YES;
				GCC_WARN_ABOUT_RETURN_TYPE = YES_ERROR;
				GCC_WARN_UNDECLARED_SELECTOR = YES;
				GCC_WARN_UNINITIALIZED_AUTOS = YES_AGGRESSIVE;
				GCC_WARN_UNUSED_FUNCTION = YES;
				GCC_WARN_UNUSED_VARIABLE = YES;
				IPHONEOS_DEPLOYMENT_TARGET = 9.3;
				MTL_ENABLE_DEBUG_INFO = NO;
				SDKROOT = iphoneos;
				TARGETED_DEVICE_FAMILY = "1,2";
				VALIDATE_PRODUCT = YES;
			};
			name = Release;
		};
		A229C8C31D77CDF900EF1BC7 /* Debug */ = {
			isa = XCBuildConfiguration;
			buildSettings = {
				ASSETCATALOG_COMPILER_APPICON_NAME = AppIcon;
				INFOPLIST_FILE = chorescore/Info.plist;
				LD_RUNPATH_SEARCH_PATHS = "$(inherited) @executable_path/Frameworks";
				PRODUCT_BUNDLE_IDENTIFIER = com.carnivalinparadise.chorescore;
				PRODUCT_NAME = "$(TARGET_NAME)";
			};
			name = Debug;
		};
		A229C8C41D77CDF900EF1BC7 /* Release */ = {
			isa = XCBuildConfiguration;
			buildSettings = {
				ASSETCATALOG_COMPILER_APPICON_NAME = AppIcon;
				INFOPLIST_FILE = chorescore/Info.plist;
				LD_RUNPATH_SEARCH_PATHS = "$(inherited) @executable_path/Frameworks";
				PRODUCT_BUNDLE_IDENTIFIER = com.carnivalinparadise.chorescore;
				PRODUCT_NAME = "$(TARGET_NAME)";
			};
			name = Release;
		};
		A229C8C61D77CDF900EF1BC7 /* Debug */ = {
			isa = XCBuildConfiguration;
			buildSettings = {
				BUNDLE_LOADER = "$(TEST_HOST)";
				INFOPLIST_FILE = chorescoreTests/Info.plist;
				LD_RUNPATH_SEARCH_PATHS = "$(inherited) @executable_path/Frameworks @loader_path/Frameworks";
				PRODUCT_BUNDLE_IDENTIFIER = com.carnivalinparadise.chorescoreTests;
				PRODUCT_NAME = "$(TARGET_NAME)";
				TEST_HOST = "$(BUILT_PRODUCTS_DIR)/chorescore.app/chorescore";
			};
			name = Debug;
		};
		A229C8C71D77CDF900EF1BC7 /* Release */ = {
			isa = XCBuildConfiguration;
			buildSettings = {
				BUNDLE_LOADER = "$(TEST_HOST)";
				INFOPLIST_FILE = chorescoreTests/Info.plist;
				LD_RUNPATH_SEARCH_PATHS = "$(inherited) @executable_path/Frameworks @loader_path/Frameworks";
				PRODUCT_BUNDLE_IDENTIFIER = com.carnivalinparadise.chorescoreTests;
				PRODUCT_NAME = "$(TARGET_NAME)";
				TEST_HOST = "$(BUILT_PRODUCTS_DIR)/chorescore.app/chorescore";
			};
			name = Release;
		};
		A229C8C91D77CDF900EF1BC7 /* Debug */ = {
			isa = XCBuildConfiguration;
			buildSettings = {
				INFOPLIST_FILE = chorescoreUITests/Info.plist;
				LD_RUNPATH_SEARCH_PATHS = "$(inherited) @executable_path/Frameworks @loader_path/Frameworks";
				PRODUCT_BUNDLE_IDENTIFIER = com.carnivalinparadise.chorescoreUITests;
				PRODUCT_NAME = "$(TARGET_NAME)";
				TEST_TARGET_NAME = chorescore;
			};
			name = Debug;
		};
		A229C8CA1D77CDF900EF1BC7 /* Release */ = {
			isa = XCBuildConfiguration;
			buildSettings = {
				INFOPLIST_FILE = chorescoreUITests/Info.plist;
				LD_RUNPATH_SEARCH_PATHS = "$(inherited) @executable_path/Frameworks @loader_path/Frameworks";
				PRODUCT_BUNDLE_IDENTIFIER = com.carnivalinparadise.chorescoreUITests;
				PRODUCT_NAME = "$(TARGET_NAME)";
				TEST_TARGET_NAME = chorescore;
			};
			name = Release;
		};
/* End XCBuildConfiguration section */

/* Begin XCConfigurationList section */
		A229C8921D77CDF900EF1BC7 /* Build configuration list for PBXProject "chorescore" */ = {
			isa = XCConfigurationList;
			buildConfigurations = (
				A229C8C01D77CDF900EF1BC7 /* Debug */,
				A229C8C11D77CDF900EF1BC7 /* Release */,
			);
			defaultConfigurationIsVisible = 0;
			defaultConfigurationName = Release;
		};
		A229C8C21D77CDF900EF1BC7 /* Build configuration list for PBXNativeTarget "chorescore" */ = {
			isa = XCConfigurationList;
			buildConfigurations = (
				A229C8C31D77CDF900EF1BC7 /* Debug */,
				A229C8C41D77CDF900EF1BC7 /* Release */,
			);
			defaultConfigurationIsVisible = 0;
		};
		A229C8C51D77CDF900EF1BC7 /* Build configuration list for PBXNativeTarget "chorescoreTests" */ = {
			isa = XCConfigurationList;
			buildConfigurations = (
				A229C8C61D77CDF900EF1BC7 /* Debug */,
				A229C8C71D77CDF900EF1BC7 /* Release */,
			);
			defaultConfigurationIsVisible = 0;
		};
		A229C8C81D77CDF900EF1BC7 /* Build configuration list for PBXNativeTarget "chorescoreUITests" */ = {
			isa = XCConfigurationList;
			buildConfigurations = (
				A229C8C91D77CDF900EF1BC7 /* Debug */,
				A229C8CA1D77CDF900EF1BC7 /* Release */,
			);
			defaultConfigurationIsVisible = 0;
		};
/* End XCConfigurationList section */

/* Begin XCVersionGroup section */
		A229C8A11D77CDF900EF1BC7 /* chorescore.xcdatamodeld */ = {
			isa = XCVersionGroup;
			children = (
				A229C8A21D77CDF900EF1BC7 /* chorescore.xcdatamodel */,
			);
			currentVersion = A229C8A21D77CDF900EF1BC7 /* chorescore.xcdatamodel */;
			path = chorescore.xcdatamodeld;
			sourceTree = "<group>";
			versionGroupType = wrapper.xcdatamodel;
		};
/* End XCVersionGroup section */
	};
	rootObject = A229C88F1D77CDF900EF1BC7 /* Project object */;
}
